// !$*UTF8*$!
{
	archiveVersion = 1;
	classes = {
	};
	objectVersion = 46;
	objects = {

/* Begin PBXBuildFile section */
		3A54CE0A1AAE844E00FCC13A /* AppDelegate.swift in Sources */ = {isa = PBXBuildFile; fileRef = 3A54CE091AAE844E00FCC13A /* AppDelegate.swift */; };
		3A54CE0C1AAE844E00FCC13A /* RecordSoundsViewController.swift in Sources */ = {isa = PBXBuildFile; fileRef = 3A54CE0B1AAE844E00FCC13A /* RecordSoundsViewController.swift */; };
		3A54CE0F1AAE844E00FCC13A /* Main.storyboard in Resources */ = {isa = PBXBuildFile; fileRef = 3A54CE0D1AAE844E00FCC13A /* Main.storyboard */; };
		3A54CE111AAE844E00FCC13A /* Images.xcassets in Resources */ = {isa = PBXBuildFile; fileRef = 3A54CE101AAE844E00FCC13A /* Images.xcassets */; };
		3A54CE141AAE844E00FCC13A /* LaunchScreen.xib in Resources */ = {isa = PBXBuildFile; fileRef = 3A54CE121AAE844E00FCC13A /* LaunchScreen.xib */; };
		3A54CE201AAE844E00FCC13A /* Vocal_DistorterTests.swift in Sources */ = {isa = PBXBuildFile; fileRef = 3A54CE1F1AAE844E00FCC13A /* Vocal_DistorterTests.swift */; };
		3A7BF21B1AB4F51600323434 /* RecordedAudio.swift in Sources */ = {isa = PBXBuildFile; fileRef = 3A7BF21A1AB4F51600323434 /* RecordedAudio.swift */; };
		3AD9DCC31AB0E08C00B33EFE /* PlaySoundViewController.swift in Sources */ = {isa = PBXBuildFile; fileRef = 3AD9DCC21AB0E08C00B33EFE /* PlaySoundViewController.swift */; };
/* End PBXBuildFile section */

/* Begin PBXContainerItemProxy section */
		3A54CE1A1AAE844E00FCC13A /* PBXContainerItemProxy */ = {
			isa = PBXContainerItemProxy;
			containerPortal = 3A54CDFC1AAE844E00FCC13A /* Project object */;
			proxyType = 1;
			remoteGlobalIDString = 3A54CE031AAE844E00FCC13A;
			remoteInfo = "Vocal Distorter";
		};
/* End PBXContainerItemProxy section */

/* Begin PBXFileReference section */
		3A54CE041AAE844E00FCC13A /* Vocal Distorter.app */ = {isa = PBXFileReference; explicitFileType = wrapper.application; includeInIndex = 0; path = "Vocal Distorter.app"; sourceTree = BUILT_PRODUCTS_DIR; };
		3A54CE081AAE844E00FCC13A /* Info.plist */ = {isa = PBXFileReference; lastKnownFileType = text.plist.xml; path = Info.plist; sourceTree = "<group>"; };
		3A54CE091AAE844E00FCC13A /* AppDelegate.swift */ = {isa = PBXFileReference; lastKnownFileType = sourcecode.swift; path = AppDelegate.swift; sourceTree = "<group>"; };
		3A54CE0B1AAE844E00FCC13A /* RecordSoundsViewController.swift */ = {isa = PBXFileReference; lastKnownFileType = sourcecode.swift; path = RecordSoundsViewController.swift; sourceTree = "<group>"; };
		3A54CE0E1AAE844E00FCC13A /* Base */ = {isa = PBXFileReference; lastKnownFileType = file.storyboard; name = Base; path = Base.lproj/Main.storyboard; sourceTree = "<group>"; };
		3A54CE101AAE844E00FCC13A /* Images.xcassets */ = {isa = PBXFileReference; lastKnownFileType = folder.assetcatalog; path = Images.xcassets; sourceTree = "<group>"; };
		3A54CE131AAE844E00FCC13A /* Base */ = {isa = PBXFileReference; lastKnownFileType = file.xib; name = Base; path = Base.lproj/LaunchScreen.xib; sourceTree = "<group>"; };
		3A54CE191AAE844E00FCC13A /* Vocal DistorterTests.xctest */ = {isa = PBXFileReference; explicitFileType = wrapper.cfbundle; includeInIndex = 0; path = "Vocal DistorterTests.xctest"; sourceTree = BUILT_PRODUCTS_DIR; };
		3A54CE1E1AAE844E00FCC13A /* Info.plist */ = {isa = PBXFileReference; lastKnownFileType = text.plist.xml; path = Info.plist; sourceTree = "<group>"; };
		3A54CE1F1AAE844E00FCC13A /* Vocal_DistorterTests.swift */ = {isa = PBXFileReference; lastKnownFileType = sourcecode.swift; path = Vocal_DistorterTests.swift; sourceTree = "<group>"; };
		3A7BF21A1AB4F51600323434 /* RecordedAudio.swift */ = {isa = PBXFileReference; fileEncoding = 4; lastKnownFileType = sourcecode.swift; path = RecordedAudio.swift; sourceTree = "<group>"; };
		3AD9DCC21AB0E08C00B33EFE /* PlaySoundViewController.swift */ = {isa = PBXFileReference; fileEncoding = 4; lastKnownFileType = sourcecode.swift; path = PlaySoundViewController.swift; sourceTree = "<group>"; };
/* End PBXFileReference section */

/* Begin PBXFrameworksBuildPhase section */
		3A54CE011AAE844E00FCC13A /* Frameworks */ = {
			isa = PBXFrameworksBuildPhase;
			buildActionMask = 2147483647;
			files = (
			);
			runOnlyForDeploymentPostprocessing = 0;
		};
		3A54CE161AAE844E00FCC13A /* Frameworks */ = {
			isa = PBXFrameworksBuildPhase;
			buildActionMask = 2147483647;
			files = (
			);
			runOnlyForDeploymentPostprocessing = 0;
		};
/* End PBXFrameworksBuildPhase section */

/* Begin PBXGroup section */
		3A54CDFB1AAE844E00FCC13A = {
			isa = PBXGroup;
			children = (
				3A54CE061AAE844E00FCC13A /* Vocal Distorter */,
				3A54CE1C1AAE844E00FCC13A /* Vocal DistorterTests */,
				3A54CE051AAE844E00FCC13A /* Products */,
			);
			sourceTree = "<group>";
		};
		3A54CE051AAE844E00FCC13A /* Products */ = {
			isa = PBXGroup;
			children = (
				3A54CE041AAE844E00FCC13A /* Vocal Distorter.app */,
				3A54CE191AAE844E00FCC13A /* Vocal DistorterTests.xctest */,
			);
			name = Products;
			sourceTree = "<group>";
		};
		3A54CE061AAE844E00FCC13A /* Vocal Distorter */ = {
			isa = PBXGroup;
			children = (
				3A54CE091AAE844E00FCC13A /* AppDelegate.swift */,
				3A54CE0B1AAE844E00FCC13A /* RecordSoundsViewController.swift */,
				3A7BF21A1AB4F51600323434 /* RecordedAudio.swift */,
				3A54CE0D1AAE844E00FCC13A /* Main.storyboard */,
				3AD9DCC21AB0E08C00B33EFE /* PlaySoundViewController.swift */,
				3A54CE101AAE844E00FCC13A /* Images.xcassets */,
				3A54CE121AAE844E00FCC13A /* LaunchScreen.xib */,
				3A54CE071AAE844E00FCC13A /* Supporting Files */,
			);
			path = "Vocal Distorter";
			sourceTree = "<group>";
		};
		3A54CE071AAE844E00FCC13A /* Supporting Files */ = {
			isa = PBXGroup;
			children = (
				3A54CE081AAE844E00FCC13A /* Info.plist */,
			);
			name = "Supporting Files";
			sourceTree = "<group>";
		};
		3A54CE1C1AAE844E00FCC13A /* Vocal DistorterTests */ = {
			isa = PBXGroup;
			children = (
				3A54CE1F1AAE844E00FCC13A /* Vocal_DistorterTests.swift */,
				3A54CE1D1AAE844E00FCC13A /* Supporting Files */,
			);
			path = "Vocal DistorterTests";
			sourceTree = "<group>";
		};
		3A54CE1D1AAE844E00FCC13A /* Supporting Files */ = {
			isa = PBXGroup;
			children = (
				3A54CE1E1AAE844E00FCC13A /* Info.plist */,
			);
			name = "Supporting Files";
			sourceTree = "<group>";
		};
/* End PBXGroup section */

/* Begin PBXNativeTarget section */
		3A54CE031AAE844E00FCC13A /* Vocal Distorter */ = {
			isa = PBXNativeTarget;
			buildConfigurationList = 3A54CE231AAE844E00FCC13A /* Build configuration list for PBXNativeTarget "Vocal Distorter" */;
			buildPhases = (
				3A54CE001AAE844E00FCC13A /* Sources */,
				3A54CE011AAE844E00FCC13A /* Frameworks */,
				3A54CE021AAE844E00FCC13A /* Resources */,
			);
			buildRules = (
			);
			dependencies = (
			);
			name = "Vocal Distorter";
			productName = "Vocal Distorter";
			productReference = 3A54CE041AAE844E00FCC13A /* Vocal Distorter.app */;
			productType = "com.apple.product-type.application";
		};
		3A54CE181AAE844E00FCC13A /* Vocal DistorterTests */ = {
			isa = PBXNativeTarget;
			buildConfigurationList = 3A54CE261AAE844E00FCC13A /* Build configuration list for PBXNativeTarget "Vocal DistorterTests" */;
			buildPhases = (
				3A54CE151AAE844E00FCC13A /* Sources */,
				3A54CE161AAE844E00FCC13A /* Frameworks */,
				3A54CE171AAE844E00FCC13A /* Resources */,
			);
			buildRules = (
			);
			dependencies = (
				3A54CE1B1AAE844E00FCC13A /* PBXTargetDependency */,
			);
			name = "Vocal DistorterTests";
			productName = "Vocal DistorterTests";
			productReference = 3A54CE191AAE844E00FCC13A /* Vocal DistorterTests.xctest */;
			productType = "com.apple.product-type.bundle.unit-test";
		};
/* End PBXNativeTarget section */

/* Begin PBXProject section */
		3A54CDFC1AAE844E00FCC13A /* Project object */ = {
			isa = PBXProject;
			attributes = {
				LastUpgradeCheck = 0610;
				ORGANIZATIONNAME = "Baker Studio";
				TargetAttributes = {
					3A54CE031AAE844E00FCC13A = {
						CreatedOnToolsVersion = 6.1.1;
						DevelopmentTeam = WVRS7URA89;
					};
					3A54CE181AAE844E00FCC13A = {
						CreatedOnToolsVersion = 6.1.1;
						TestTargetID = 3A54CE031AAE844E00FCC13A;
					};
				};
			};
			buildConfigurationList = 3A54CDFF1AAE844E00FCC13A /* Build configuration list for PBXProject "Vocal Distorter" */;
			compatibilityVersion = "Xcode 3.2";
			developmentRegion = English;
			hasScannedForEncodings = 0;
			knownRegions = (
				en,
				Base,
			);
			mainGroup = 3A54CDFB1AAE844E00FCC13A;
			productRefGroup = 3A54CE051AAE844E00FCC13A /* Products */;
			projectDirPath = "";
			projectRoot = "";
			targets = (
				3A54CE031AAE844E00FCC13A /* Vocal Distorter */,
				3A54CE181AAE844E00FCC13A /* Vocal DistorterTests */,
			);
		};
/* End PBXProject section */

/* Begin PBXResourcesBuildPhase section */
		3A54CE021AAE844E00FCC13A /* Resources */ = {
			isa = PBXResourcesBuildPhase;
			buildActionMask = 2147483647;
			files = (
				3A54CE0F1AAE844E00FCC13A /* Main.storyboard in Resources */,
				3A54CE141AAE844E00FCC13A /* LaunchScreen.xib in Resources */,
				3A54CE111AAE844E00FCC13A /* Images.xcassets in Resources */,
			);
			runOnlyForDeploymentPostprocessing = 0;
		};
		3A54CE171AAE844E00FCC13A /* Resources */ = {
			isa = PBXResourcesBuildPhase;
			buildActionMask = 2147483647;
			files = (
			);
			runOnlyForDeploymentPostprocessing = 0;
		};
/* End PBXResourcesBuildPhase section */

/* Begin PBXSourcesBuildPhase section */
		3A54CE001AAE844E00FCC13A /* Sources */ = {
			isa = PBXSourcesBuildPhase;
			buildActionMask = 2147483647;
			files = (
				3A7BF21B1AB4F51600323434 /* RecordedAudio.swift in Sources */,
				3A54CE0C1AAE844E00FCC13A /* RecordSoundsViewController.swift in Sources */,
				3AD9DCC31AB0E08C00B33EFE /* PlaySoundViewController.swift in Sources */,
				3A54CE0A1AAE844E00FCC13A /* AppDelegate.swift in Sources */,
			);
			runOnlyForDeploymentPostprocessing = 0;
		};
		3A54CE151AAE844E00FCC13A /* Sources */ = {
			isa = PBXSourcesBuildPhase;
			buildActionMask = 2147483647;
			files = (
				3A54CE201AAE844E00FCC13A /* Vocal_DistorterTests.swift in Sources */,
			);
			runOnlyForDeploymentPostprocessing = 0;
		};
/* End PBXSourcesBuildPhase section */

/* Begin PBXTargetDependency section */
		3A54CE1B1AAE844E00FCC13A /* PBXTargetDependency */ = {
			isa = PBXTargetDependency;
			target = 3A54CE031AAE844E00FCC13A /* Vocal Distorter */;
			targetProxy = 3A54CE1A1AAE844E00FCC13A /* PBXContainerItemProxy */;
		};
/* End PBXTargetDependency section */

/* Begin PBXVariantGroup section */
		3A54CE0D1AAE844E00FCC13A /* Main.storyboard */ = {
			isa = PBXVariantGroup;
			children = (
				3A54CE0E1AAE844E00FCC13A /* Base */,
			);
			name = Main.storyboard;
			sourceTree = "<group>";
		};
		3A54CE121AAE844E00FCC13A /* LaunchScreen.xib */ = {
			isa = PBXVariantGroup;
			children = (
				3A54CE131AAE844E00FCC13A /* Base */,
			);
			name = LaunchScreen.xib;
			sourceTree = "<group>";
		};
/* End PBXVariantGroup section */

/* Begin XCBuildConfiguration section */
		3A54CE211AAE844E00FCC13A /* Debug */ = {
			isa = XCBuildConfiguration;
			buildSettings = {
				ALWAYS_SEARCH_USER_PATHS = NO;
				CLANG_CXX_LANGUAGE_STANDARD = "gnu++0x";
				CLANG_CXX_LIBRARY = "libc++";
				CLANG_ENABLE_MODULES = YES;
				CLANG_ENABLE_OBJC_ARC = YES;
				CLANG_WARN_BOOL_CONVERSION = YES;
				CLANG_WARN_CONSTANT_CONVERSION = YES;
				CLANG_WARN_DIRECT_OBJC_ISA_USAGE = YES_ERROR;
				CLANG_WARN_EMPTY_BODY = YES;
				CLANG_WARN_ENUM_CONVERSION = YES;
				CLANG_WARN_INT_CONVERSION = YES;
				CLANG_WARN_OBJC_ROOT_CLASS = YES_ERROR;
				CLANG_WARN_UNREACHABLE_CODE = YES;
				CLANG_WARN__DUPLICATE_METHOD_MATCH = YES;
				"CODE_SIGN_IDENTITY[sdk=iphoneos*]" = "iPhone Developer";
				COPY_PHASE_STRIP = NO;
				ENABLE_STRICT_OBJC_MSGSEND = YES;
				GCC_C_LANGUAGE_STANDARD = gnu99;
				GCC_DYNAMIC_NO_PIC = NO;
				GCC_OPTIMIZATION_LEVEL = 0;
				GCC_PREPROCESSOR_DEFINITIONS = (
					"DEBUG=1",
					"$(inherited)",
				);
				GCC_SYMBOLS_PRIVATE_EXTERN = NO;
				GCC_WARN_64_TO_32_BIT_CONVERSION = YES;
				GCC_WARN_ABOUT_RETURN_TYPE = YES_ERROR;
				GCC_WARN_UNDECLARED_SELECTOR = YES;
				GCC_WARN_UNINITIALIZED_AUTOS = YES_AGGRESSIVE;
				GCC_WARN_UNUSED_FUNCTION = YES;
				GCC_WARN_UNUSED_VARIABLE = YES;
				IPHONEOS_DEPLOYMENT_TARGET = 8.1;
				MTL_ENABLE_DEBUG_INFO = YES;
				ONLY_ACTIVE_ARCH = YES;
				SDKROOT = iphoneos;
				SWIFT_OPTIMIZATION_LEVEL = "-Onone";
			};
			name = Debug;
		};
		3A54CE221AAE844E00FCC13A /* Release */ = {
			isa = XCBuildConfiguration;
			buildSettings = {
				ALWAYS_SEARCH_USER_PATHS = NO;
				CLANG_CXX_LANGUAGE_STANDARD = "gnu++0x";
				CLANG_CXX_LIBRARY = "libc++";
				CLANG_ENABLE_MODULES = YES;
				CLANG_ENABLE_OBJC_ARC = YES;
				CLANG_WARN_BOOL_CONVERSION = YES;
				CLANG_WARN_CONSTANT_CONVERSION = YES;
				CLANG_WARN_DIRECT_OBJC_ISA_USAGE = YES_ERROR;
				CLANG_WARN_EMPTY_BODY = YES;
				CLANG_WARN_ENUM_CONVERSION = YES;
				CLANG_WARN_INT_CONVERSION = YES;
				CLANG_WARN_OBJC_ROOT_CLASS = YES_ERROR;
				CLANG_WARN_UNREACHABLE_CODE = YES;
				CLANG_WARN__DUPLICATE_METHOD_MATCH = YES;
				"CODE_SIGN_IDENTITY[sdk=iphoneos*]" = "iPhone Developer";
				COPY_PHASE_STRIP = YES;
				ENABLE_NS_ASSERTIONS = NO;
				ENABLE_STRICT_OBJC_MSGSEND = YES;
				GCC_C_LANGUAGE_STANDARD = gnu99;
				GCC_WARN_64_TO_32_BIT_CONVERSION = YES;
				GCC_WARN_ABOUT_RETURN_TYPE = YES_ERROR;
				GCC_WARN_UNDECLARED_SELECTOR = YES;
				GCC_WARN_UNINITIALIZED_AUTOS = YES_AGGRESSIVE;
				GCC_WARN_UNUSED_FUNCTION = YES;
				GCC_WARN_UNUSED_VARIABLE = YES;
				IPHONEOS_DEPLOYMENT_TARGET = 8.1;
				MTL_ENABLE_DEBUG_INFO = NO;
				SDKROOT = iphoneos;
				VALIDATE_PRODUCT = YES;
			};
			name = Release;
		};
		3A54CE241AAE844E00FCC13A /* Debug */ = {
			isa = XCBuildConfiguration;
			buildSettings = {
				ASSETCATALOG_COMPILER_APPICON_NAME = AppIcon;
				INFOPLIST_FILE = "Vocal Distorter/Info.plist";
				LD_RUNPATH_SEARCH_PATHS = "$(inherited) @executable_path/Frameworks";
				PRODUCT_NAME = "$(TARGET_NAME)";
			};
			name = Debug;
		};
		3A54CE251AAE844E00FCC13A /* Release */ = {
			isa = XCBuildConfiguration;
			buildSettings = {
				ASSETCATALOG_COMPILER_APPICON_NAME = AppIcon;
				INFOPLIST_FILE = "Vocal Distorter/Info.plist";
				LD_RUNPATH_SEARCH_PATHS = "$(inherited) @executable_path/Frameworks";
				PRODUCT_NAME = "$(TARGET_NAME)";
			};
			name = Release;
		};
		3A54CE271AAE844E00FCC13A /* Debug */ = {
			isa = XCBuildConfiguration;
			buildSettings = {
				BUNDLE_LOADER = "$(TEST_HOST)";
				FRAMEWORK_SEARCH_PATHS = (
					"$(SDKROOT)/Developer/Library/Frameworks",
					"$(inherited)",
				);
				GCC_PREPROCESSOR_DEFINITIONS = (
					"DEBUG=1",
					"$(inherited)",
				);
				INFOPLIST_FILE = "Vocal DistorterTests/Info.plist";
				LD_RUNPATH_SEARCH_PATHS = "$(inherited) @executable_path/Frameworks @loader_path/Frameworks";
				PRODUCT_NAME = "$(TARGET_NAME)";
				TEST_HOST = "$(BUILT_PRODUCTS_DIR)/Vocal Distorter.app/Vocal Distorter";
			};
			name = Debug;
		};
		3A54CE281AAE844E00FCC13A /* Release */ = {
			isa = XCBuildConfiguration;
			buildSettings = {
				BUNDLE_LOADER = "$(TEST_HOST)";
				FRAMEWORK_SEARCH_PATHS = (
					"$(SDKROOT)/Developer/Library/Frameworks",
					"$(inherited)",
				);
				INFOPLIST_FILE = "Vocal DistorterTests/Info.plist";
				LD_RUNPATH_SEARCH_PATHS = "$(inherited) @executable_path/Frameworks @loader_path/Frameworks";
				PRODUCT_NAME = "$(TARGET_NAME)";
				TEST_HOST = "$(BUILT_PRODUCTS_DIR)/Vocal Distorter.app/Vocal Distorter";
			};
			name = Release;
		};
/* End XCBuildConfiguration section */

/* Begin XCConfigurationList section */
		3A54CDFF1AAE844E00FCC13A /* Build configuration list for PBXProject "Vocal Distorter" */ = {
			isa = XCConfigurationList;
			buildConfigurations = (
				3A54CE211AAE844E00FCC13A /* Debug */,
				3A54CE221AAE844E00FCC13A /* Release */,
			);
			defaultConfigurationIsVisible = 0;
			defaultConfigurationName = Release;
		};
		3A54CE231AAE844E00FCC13A /* Build configuration list for PBXNativeTarget "Vocal Distorter" */ = {
			isa = XCConfigurationList;
			buildConfigurations = (
				3A54CE241AAE844E00FCC13A /* Debug */,
				3A54CE251AAE844E00FCC13A /* Release */,
			);
			defaultConfigurationIsVisible = 0;
			defaultConfigurationName = Release;
		};
		3A54CE261AAE844E00FCC13A /* Build configuration list for PBXNativeTarget "Vocal DistorterTests" */ = {
			isa = XCConfigurationList;
			buildConfigurations = (
				3A54CE271AAE844E00FCC13A /* Debug */,
				3A54CE281AAE844E00FCC13A /* Release */,
			);
			defaultConfigurationIsVisible = 0;
			defaultConfigurationName = Release;
		};
/* End XCConfigurationList section */
	};
	rootObject = 3A54CDFC1AAE844E00FCC13A /* Project object */;
}
